
Microsoft Visual Studio Solution File, Format Version 12.00
# Visual Studio Version 17
VisualStudioVersion = 17.0.31903.59
MinimumVisualStudioVersion = 10.0.40219.1
Project("{2150E333-8FDC-42A3-9474-1A3956D46DE8}") = "src", "src", "{827E0CD3-B72D-47B6-A68D-7590B98EB39B}"
EndProject
Project("{2150E333-8FDC-42A3-9474-1A3956D46DE8}") = "api-gateway", "api-gateway", "{824C4A1C-75CF-9E49-ABE2-34EF260DE0DF}"
EndProject
Project("{FAE04EC0-301F-11D3-BF4B-00C04F79EFBC}") = "ApiGateway", "src\api-gateway\ApiGateway.csproj", "{BF4E0299-F7F5-4203-88E9-1D7C9FB45F6A}"
EndProject
Project("{2150E333-8FDC-42A3-9474-1A3956D46DE8}") = "hotel-service", "hotel-service", "{254AEA57-1644-951C-A0F4-4388E7B97087}"
EndProject
Project("{FAE04EC0-301F-11D3-BF4B-00C04F79EFBC}") = "HotelService", "src\hotel-service\HotelService.csproj", "{C483FF58-DD8F-4F6C-8CC5-F027C31D11DE}"
EndProject
Project("{2150E333-8FDC-42A3-9474-1A3956D46DE8}") = "comments-service", "comments-service", "{BB4B9096-AF9E-61BC-10F2-DD3D432DD708}"
EndProject
Project("{FAE04EC0-301F-11D3-BF4B-00C04F79EFBC}") = "CommentsService", "src\comments-service\CommentsService.csproj", "{F00A41D8-4B9F-407A-9FBE-EB440D67172B}"
EndProject
Project("{2150E333-8FDC-42A3-9474-1A3956D46DE8}") = "notification-service", "notification-service", "{796DFE52-D643-8795-873A-0798E6A436F2}"
EndProject
Project("{FAE04EC0-301F-11D3-BF4B-00C04F79EFBC}") = "NotificationService", "src\notification-service\NotificationService.csproj", "{92E6F0CD-2F7E-4B2E-8F34-12C1CAF1B072}"
EndProject
Project("{2150E333-8FDC-42A3-9474-1A3956D46DE8}") = "ai-agent-service", "ai-agent-service", "{1CB8BB7C-F4F6-0936-483F-D8C7C5C6E4B1}"
EndProject
Project("{FAE04EC0-301F-11D3-BF4B-00C04F79EFBC}") = "AiAgentService", "src\ai-agent-service\AiAgentService.csproj", "{952E38DF-7356-45D1-A70B-818463187E13}"
EndProject
Project("{2150E333-8FDC-42A3-9474-1A3956D46DE8}") = "cron-jobs", "cron-jobs", "{E4BB6AB8-B7BB-08B3-6E5B-7E5A442B2A81}"
EndProject
Project("{FAE04EC0-301F-11D3-BF4B-00C04F79EFBC}") = "CapacityCheckerFunction", "src\cron-jobs\CapacityCheckerFunction.csproj", "{402401FF-29E2-42E3-8991-81F78555E25E}"
EndProject
Global
	GlobalSection(SolutionConfigurationPlatforms) = preSolution
		Debug|Any CPU = Debug|Any CPU
		Debug|x64 = Debug|x64
		Debug|x86 = Debug|x86
		Release|Any CPU = Release|Any CPU
		Release|x64 = Release|x64
		Release|x86 = Release|x86
	EndGlobalSection
	GlobalSection(ProjectConfigurationPlatforms) = postSolution
		{BF4E0299-F7F5-4203-88E9-1D7C9FB45F6A}.Debug|Any CPU.ActiveCfg = Debug|Any CPU
		{BF4E0299-F7F5-4203-88E9-1D7C9FB45F6A}.Debug|Any CPU.Build.0 = Debug|Any CPU
		{BF4E0299-F7F5-4203-88E9-1D7C9FB45F6A}.Debug|x64.ActiveCfg = Debug|Any CPU
		{BF4E0299-F7F5-4203-88E9-1D7C9FB45F6A}.Debug|x64.Build.0 = Debug|Any CPU
		{BF4E0299-F7F5-4203-88E9-1D7C9FB45F6A}.Debug|x86.ActiveCfg = Debug|Any CPU
		{BF4E0299-F7F5-4203-88E9-1D7C9FB45F6A}.Debug|x86.Build.0 = Debug|Any CPU
		{BF4E0299-F7F5-4203-88E9-1D7C9FB45F6A}.Release|Any CPU.ActiveCfg = Release|Any CPU
		{BF4E0299-F7F5-4203-88E9-1D7C9FB45F6A}.Release|Any CPU.Build.0 = Release|Any CPU
		{BF4E0299-F7F5-4203-88E9-1D7C9FB45F6A}.Release|x64.ActiveCfg = Release|Any CPU
		{BF4E0299-F7F5-4203-88E9-1D7C9FB45F6A}.Release|x64.Build.0 = Release|Any CPU
		{BF4E0299-F7F5-4203-88E9-1D7C9FB45F6A}.Release|x86.ActiveCfg = Release|Any CPU
		{BF4E0299-F7F5-4203-88E9-1D7C9FB45F6A}.Release|x86.Build.0 = Release|Any CPU
		{C483FF58-DD8F-4F6C-8CC5-F027C31D11DE}.Debug|Any CPU.ActiveCfg = Debug|Any CPU
		{C483FF58-DD8F-4F6C-8CC5-F027C31D11DE}.Debug|Any CPU.Build.0 = Debug|Any CPU
		{C483FF58-DD8F-4F6C-8CC5-F027C31D11DE}.Debug|x64.ActiveCfg = Debug|Any CPU
		{C483FF58-DD8F-4F6C-8CC5-F027C31D11DE}.Debug|x64.Build.0 = Debug|Any CPU
		{C483FF58-DD8F-4F6C-8CC5-F027C31D11DE}.Debug|x86.ActiveCfg = Debug|Any CPU
		{C483FF58-DD8F-4F6C-8CC5-F027C31D11DE}.Debug|x86.Build.0 = Debug|Any CPU
		{C483FF58-DD8F-4F6C-8CC5-F027C31D11DE}.Release|Any CPU.ActiveCfg = Release|Any CPU
		{C483FF58-DD8F-4F6C-8CC5-F027C31D11DE}.Release|Any CPU.Build.0 = Release|Any CPU
		{C483FF58-DD8F-4F6C-8CC5-F027C31D11DE}.Release|x64.ActiveCfg = Release|Any CPU
		{C483FF58-DD8F-4F6C-8CC5-F027C31D11DE}.Release|x64.Build.0 = Release|Any CPU
		{C483FF58-DD8F-4F6C-8CC5-F027C31D11DE}.Release|x86.ActiveCfg = Release|Any CPU
		{C483FF58-DD8F-4F6C-8CC5-F027C31D11DE}.Release|x86.Build.0 = Release|Any CPU
		{F00A41D8-4B9F-407A-9FBE-EB440D67172B}.Debug|Any CPU.ActiveCfg = Debug|Any CPU
		{F00A41D8-4B9F-407A-9FBE-EB440D67172B}.Debug|Any CPU.Build.0 = Debug|Any CPU
		{F00A41D8-4B9F-407A-9FBE-EB440D67172B}.Debug|x64.ActiveCfg = Debug|Any CPU
		{F00A41D8-4B9F-407A-9FBE-EB440D67172B}.Debug|x64.Build.0 = Debug|Any CPU
		{F00A41D8-4B9F-407A-9FBE-EB440D67172B}.Debug|x86.ActiveCfg = Debug|Any CPU
		{F00A41D8-4B9F-407A-9FBE-EB440D67172B}.Debug|x86.Build.0 = Debug|Any CPU
		{F00A41D8-4B9F-407A-9FBE-EB440D67172B}.Release|Any CPU.ActiveCfg = Release|Any CPU
		{F00A41D8-4B9F-407A-9FBE-EB440D67172B}.Release|Any CPU.Build.0 = Release|Any CPU
		{F00A41D8-4B9F-407A-9FBE-EB440D67172B}.Release|x64.ActiveCfg = Release|Any CPU
		{F00A41D8-4B9F-407A-9FBE-EB440D67172B}.Release|x64.Build.0 = Release|Any CPU
		{F00A41D8-4B9F-407A-9FBE-EB440D67172B}.Release|x86.ActiveCfg = Release|Any CPU
		{F00A41D8-4B9F-407A-9FBE-EB440D67172B}.Release|x86.Build.0 = Release|Any CPU
		{92E6F0CD-2F7E-4B2E-8F34-12C1CAF1B072}.Debug|Any CPU.ActiveCfg = Debug|Any CPU
		{92E6F0CD-2F7E-4B2E-8F34-12C1CAF1B072}.Debug|Any CPU.Build.0 = Debug|Any CPU
		{92E6F0CD-2F7E-4B2E-8F34-12C1CAF1B072}.Debug|x64.ActiveCfg = Debug|Any CPU
		{92E6F0CD-2F7E-4B2E-8F34-12C1CAF1B072}.Debug|x64.Build.0 = Debug|Any CPU
		{92E6F0CD-2F7E-4B2E-8F34-12C1CAF1B072}.Debug|x86.ActiveCfg = Debug|Any CPU
		{92E6F0CD-2F7E-4B2E-8F34-12C1CAF1B072}.Debug|x86.Build.0 = Debug|Any CPU
		{92E6F0CD-2F7E-4B2E-8F34-12C1CAF1B072}.Release|Any CPU.ActiveCfg = Release|Any CPU
		{92E6F0CD-2F7E-4B2E-8F34-12C1CAF1B072}.Release|Any CPU.Build.0 = Release|Any CPU
		{92E6F0CD-2F7E-4B2E-8F34-12C1CAF1B072}.Release|x64.ActiveCfg = Release|Any CPU
		{92E6F0CD-2F7E-4B2E-8F34-12C1CAF1B072}.Release|x64.Build.0 = Release|Any CPU
		{92E6F0CD-2F7E-4B2E-8F34-12C1CAF1B072}.Release|x86.ActiveCfg = Release|Any CPU
		{92E6F0CD-2F7E-4B2E-8F34-12C1CAF1B072}.Release|x86.Build.0 = Release|Any CPU
		{952E38DF-7356-45D1-A70B-818463187E13}.Debug|Any CPU.ActiveCfg = Debug|Any CPU
		{952E38DF-7356-45D1-A70B-818463187E13}.Debug|Any CPU.Build.0 = Debug|Any CPU
		{952E38DF-7356-45D1-A70B-818463187E13}.Debug|x64.ActiveCfg = Debug|Any CPU
		{952E38DF-7356-45D1-A70B-818463187E13}.Debug|x64.Build.0 = Debug|Any CPU
		{952E38DF-7356-45D1-A70B-818463187E13}.Debug|x86.ActiveCfg = Debug|Any CPU
		{952E38DF-7356-45D1-A70B-818463187E13}.Debug|x86.Build.0 = Debug|Any CPU
		{952E38DF-7356-45D1-A70B-818463187E13}.Release|Any CPU.ActiveCfg = Release|Any CPU
		{952E38DF-7356-45D1-A70B-818463187E13}.Release|Any CPU.Build.0 = Release|Any CPU
		{952E38DF-7356-45D1-A70B-818463187E13}.Release|x64.ActiveCfg = Release|Any CPU
		{952E38DF-7356-45D1-A70B-818463187E13}.Release|x64.Build.0 = Release|Any CPU
		{952E38DF-7356-45D1-A70B-818463187E13}.Release|x86.ActiveCfg = Release|Any CPU
		{952E38DF-7356-45D1-A70B-818463187E13}.Release|x86.Build.0 = Release|Any CPU
		{402401FF-29E2-42E3-8991-81F78555E25E}.Debug|Any CPU.ActiveCfg = Debug|Any CPU
		{402401FF-29E2-42E3-8991-81F78555E25E}.Debug|Any CPU.Build.0 = Debug|Any CPU
		{402401FF-29E2-42E3-8991-81F78555E25E}.Debug|x64.ActiveCfg = Debug|Any CPU
		{402401FF-29E2-42E3-8991-81F78555E25E}.Debug|x64.Build.0 = Debug|Any CPU
		{402401FF-29E2-42E3-8991-81F78555E25E}.Debug|x86.ActiveCfg = Debug|Any CPU
		{402401FF-29E2-42E3-8991-81F78555E25E}.Debug|x86.Build.0 = Debug|Any CPU
		{402401FF-29E2-42E3-8991-81F78555E25E}.Release|Any CPU.ActiveCfg = Release|Any CPU
		{402401FF-29E2-42E3-8991-81F78555E25E}.Release|Any CPU.Build.0 = Release|Any CPU
		{402401FF-29E2-42E3-8991-81F78555E25E}.Release|x64.ActiveCfg = Release|Any CPU
		{402401FF-29E2-42E3-8991-81F78555E25E}.Release|x64.Build.0 = Release|Any CPU
		{402401FF-29E2-42E3-8991-81F78555E25E}.Release|x86.ActiveCfg = Release|Any CPU
		{402401FF-29E2-42E3-8991-81F78555E25E}.Release|x86.Build.0 = Release|Any CPU
	EndGlobalSection
	GlobalSection(SolutionProperties) = preSolution
		HideSolutionNode = FALSE
	EndGlobalSection
	GlobalSection(NestedProjects) = preSolution
		{824C4A1C-75CF-9E49-ABE2-34EF260DE0DF} = {827E0CD3-B72D-47B6-A68D-7590B98EB39B}
		{BF4E0299-F7F5-4203-88E9-1D7C9FB45F6A} = {824C4A1C-75CF-9E49-ABE2-34EF260DE0DF}
		{254AEA57-1644-951C-A0F4-4388E7B97087} = {827E0CD3-B72D-47B6-A68D-7590B98EB39B}
		{C483FF58-DD8F-4F6C-8CC5-F027C31D11DE} = {254AEA57-1644-951C-A0F4-4388E7B97087}
		{BB4B9096-AF9E-61BC-10F2-DD3D432DD708} = {827E0CD3-B72D-47B6-A68D-7590B98EB39B}
		{F00A41D8-4B9F-407A-9FBE-EB440D67172B} = {BB4B9096-AF9E-61BC-10F2-DD3D432DD708}
		{796DFE52-D643-8795-873A-0798E6A436F2} = {827E0CD3-B72D-47B6-A68D-7590B98EB39B}
		{92E6F0CD-2F7E-4B2E-8F34-12C1CAF1B072} = {796DFE52-D643-8795-873A-0798E6A436F2}
		{1CB8BB7C-F4F6-0936-483F-D8C7C5C6E4B1} = {827E0CD3-B72D-47B6-A68D-7590B98EB39B}
		{952E38DF-7356-45D1-A70B-818463187E13} = {1CB8BB7C-F4F6-0936-483F-D8C7C5C6E4B1}
		{E4BB6AB8-B7BB-08B3-6E5B-7E5A442B2A81} = {827E0CD3-B72D-47B6-A68D-7590B98EB39B}
		{402401FF-29E2-42E3-8991-81F78555E25E} = {E4BB6AB8-B7BB-08B3-6E5B-7E5A442B2A81}
	EndGlobalSection
EndGlobal
